
Microsoft Visual Studio Solution File, Format Version 12.00
# Visual Studio Version 17
VisualStudioVersion = 17.14.36616.10 d17.14
MinimumVisualStudioVersion = 10.0.40219.1
Project("{FAE04EC0-301F-11D3-BF4B-00C04F79EFBC}") = "notetakingapi", "notetakingapi.csproj", "{B1942A52-DA32-4952-98BA-2B9149311919}"
EndProject
Global
	GlobalSection(SolutionConfigurationPlatforms) = preSolution
		Debug|Any CPU = Debug|Any CPU
		Release|Any CPU = Release|Any CPU
	EndGlobalSection
	GlobalSection(ProjectConfigurationPlatforms) = postSolution
		{B1942A52-DA32-4952-98BA-2B9149311919}.Debug|Any CPU.ActiveCfg = Debug|Any CPU
		{B1942A52-DA32-4952-98BA-2B9149311919}.Debug|Any CPU.Build.0 = Debug|Any CPU
		{B1942A52-DA32-4952-98BA-2B9149311919}.Release|Any CPU.ActiveCfg = Release|Any CPU
		{B1942A52-DA32-4952-98BA-2B9149311919}.Release|Any CPU.Build.0 = Release|Any CPU
	EndGlobalSection
	GlobalSection(SolutionProperties) = preSolution
		HideSolutionNode = FALSE
	EndGlobalSection
	GlobalSection(ExtensibilityGlobals) = postSolution
		SolutionGuid = {7875FBCC-1C74-42AD-9127-05D164E4097A}
	EndGlobalSection
EndGlobal
